// !$*UTF8*$!
{
	archiveVersion = 1;
	classes = {
	};
	objectVersion = 56;
	objects = {

/* Begin PBXBuildFile section */
		290E458429A6A02D0041AAC5 /* AppDelegate.swift in Sources */ = {isa = PBXBuildFile; fileRef = 290E458329A6A02D0041AAC5 /* AppDelegate.swift */; };
		290E458629A6A02D0041AAC5 /* SceneDelegate.swift in Sources */ = {isa = PBXBuildFile; fileRef = 290E458529A6A02D0041AAC5 /* SceneDelegate.swift */; };
		290E458829A6A02D0041AAC5 /* ViewController.swift in Sources */ = {isa = PBXBuildFile; fileRef = 290E458729A6A02D0041AAC5 /* ViewController.swift */; };
		290E458B29A6A02D0041AAC5 /* Main.storyboard in Resources */ = {isa = PBXBuildFile; fileRef = 290E458929A6A02D0041AAC5 /* Main.storyboard */; };
		290E458D29A6A02F0041AAC5 /* Assets.xcassets in Resources */ = {isa = PBXBuildFile; fileRef = 290E458C29A6A02F0041AAC5 /* Assets.xcassets */; };
		290E459029A6A02F0041AAC5 /* LaunchScreen.storyboard in Resources */ = {isa = PBXBuildFile; fileRef = 290E458E29A6A02F0041AAC5 /* LaunchScreen.storyboard */; };
		290E459B29A6AB240041AAC5 /* Avenger.swift in Sources */ = {isa = PBXBuildFile; fileRef = 290E459A29A6AB240041AAC5 /* Avenger.swift */; };
		290E459D29A6BC940041AAC5 /* AvengerController.swift in Sources */ = {isa = PBXBuildFile; fileRef = 290E459C29A6BC940041AAC5 /* AvengerController.swift */; };
		290E45A129A6BCD10041AAC5 /* Constants.swift in Sources */ = {isa = PBXBuildFile; fileRef = 290E45A029A6BCD10041AAC5 /* Constants.swift */; };
/* End PBXBuildFile section */

/* Begin PBXFileReference section */
		290E458029A6A02D0041AAC5 /* Avengers.app */ = {isa = PBXFileReference; explicitFileType = wrapper.application; includeInIndex = 0; path = Avengers.app; sourceTree = BUILT_PRODUCTS_DIR; };
		290E458329A6A02D0041AAC5 /* AppDelegate.swift */ = {isa = PBXFileReference; lastKnownFileType = sourcecode.swift; path = AppDelegate.swift; sourceTree = "<group>"; };
		290E458529A6A02D0041AAC5 /* SceneDelegate.swift */ = {isa = PBXFileReference; lastKnownFileType = sourcecode.swift; path = SceneDelegate.swift; sourceTree = "<group>"; };
		290E458729A6A02D0041AAC5 /* ViewController.swift */ = {isa = PBXFileReference; lastKnownFileType = sourcecode.swift; path = ViewController.swift; sourceTree = "<group>"; };
		290E458A29A6A02D0041AAC5 /* Base */ = {isa = PBXFileReference; lastKnownFileType = file.storyboard; name = Base; path = Base.lproj/Main.storyboard; sourceTree = "<group>"; };
		290E458C29A6A02F0041AAC5 /* Assets.xcassets */ = {isa = PBXFileReference; lastKnownFileType = folder.assetcatalog; path = Assets.xcassets; sourceTree = "<group>"; };
		290E458F29A6A02F0041AAC5 /* Base */ = {isa = PBXFileReference; lastKnownFileType = file.storyboard; name = Base; path = Base.lproj/LaunchScreen.storyboard; sourceTree = "<group>"; };
		290E459129A6A02F0041AAC5 /* Info.plist */ = {isa = PBXFileReference; lastKnownFileType = text.plist.xml; path = Info.plist; sourceTree = "<group>"; };
		290E459A29A6AB240041AAC5 /* Avenger.swift */ = {isa = PBXFileReference; lastKnownFileType = sourcecode.swift; path = Avenger.swift; sourceTree = "<group>"; };
		290E459C29A6BC940041AAC5 /* AvengerController.swift */ = {isa = PBXFileReference; lastKnownFileType = sourcecode.swift; path = AvengerController.swift; sourceTree = "<group>"; };
		290E45A029A6BCD10041AAC5 /* Constants.swift */ = {isa = PBXFileReference; lastKnownFileType = sourcecode.swift; path = Constants.swift; sourceTree = "<group>"; };
/* End PBXFileReference section */

/* Begin PBXFrameworksBuildPhase section */
		290E457D29A6A02D0041AAC5 /* Frameworks */ = {
			isa = PBXFrameworksBuildPhase;
			buildActionMask = 2147483647;
			files = (
			);
			runOnlyForDeploymentPostprocessing = 0;
		};
/* End PBXFrameworksBuildPhase section */

/* Begin PBXGroup section */
		290E457729A6A02D0041AAC5 = {
			isa = PBXGroup;
			children = (
				290E458229A6A02D0041AAC5 /* Avengers */,
				290E458129A6A02D0041AAC5 /* Products */,
			);
			sourceTree = "<group>";
		};
		290E458129A6A02D0041AAC5 /* Products */ = {
			isa = PBXGroup;
			children = (
				290E458029A6A02D0041AAC5 /* Avengers.app */,
			);
			name = Products;
			sourceTree = "<group>";
		};
		290E458229A6A02D0041AAC5 /* Avengers */ = {
			isa = PBXGroup;
			children = (
				290E459929A6AB120041AAC5 /* Model */,
				290E459E29A6BCA50041AAC5 /* Model Controller */,
				290E459F29A6BCB80041AAC5 /* View Controllers */,
				290E459829A6A1900041AAC5 /* Storyboards */,
				290E459729A6A0E70041AAC5 /* Supporting Files */,
			);
			path = Avengers;
			sourceTree = "<group>";
		};
		290E459729A6A0E70041AAC5 /* Supporting Files */ = {
			isa = PBXGroup;
			children = (
				290E458329A6A02D0041AAC5 /* AppDelegate.swift */,
				290E458529A6A02D0041AAC5 /* SceneDelegate.swift */,
				290E458C29A6A02F0041AAC5 /* Assets.xcassets */,
				290E459129A6A02F0041AAC5 /* Info.plist */,
				290E45A029A6BCD10041AAC5 /* Constants.swift */,
			);
			path = "Supporting Files";
			sourceTree = "<group>";
		};
		290E459829A6A1900041AAC5 /* Storyboards */ = {
			isa = PBXGroup;
			children = (
				290E458929A6A02D0041AAC5 /* Main.storyboard */,
				290E458E29A6A02F0041AAC5 /* LaunchScreen.storyboard */,
			);
			path = Storyboards;
			sourceTree = "<group>";
		};
		290E459929A6AB120041AAC5 /* Model */ = {
			isa = PBXGroup;
			children = (
				290E459A29A6AB240041AAC5 /* Avenger.swift */,
			);
			path = Model;
			sourceTree = "<group>";
		};
		290E459E29A6BCA50041AAC5 /* Model Controller */ = {
			isa = PBXGroup;
			children = (
				290E459C29A6BC940041AAC5 /* AvengerController.swift */,
			);
			path = "Model Controller";
			sourceTree = "<group>";
		};
		290E459F29A6BCB80041AAC5 /* View Controllers */ = {
			isa = PBXGroup;
			children = (
				290E458729A6A02D0041AAC5 /* ViewController.swift */,
			);
			path = "View Controllers";
			sourceTree = "<group>";
		};
/* End PBXGroup section */

/* Begin PBXNativeTarget section */
		290E457F29A6A02D0041AAC5 /* Avengers */ = {
			isa = PBXNativeTarget;
			buildConfigurationList = 290E459429A6A02F0041AAC5 /* Build configuration list for PBXNativeTarget "Avengers" */;
			buildPhases = (
				290E457C29A6A02D0041AAC5 /* Sources */,
				290E457D29A6A02D0041AAC5 /* Frameworks */,
				290E457E29A6A02D0041AAC5 /* Resources */,
			);
			buildRules = (
			);
			dependencies = (
			);
			name = Avengers;
			productName = Avengers;
			productReference = 290E458029A6A02D0041AAC5 /* Avengers.app */;
			productType = "com.apple.product-type.application";
		};
/* End PBXNativeTarget section */

/* Begin PBXProject section */
		290E457829A6A02D0041AAC5 /* Project object */ = {
			isa = PBXProject;
			attributes = {
				BuildIndependentTargetsInParallel = 1;
				LastSwiftUpdateCheck = 1420;
				LastUpgradeCheck = 1420;
				TargetAttributes = {
					290E457F29A6A02D0041AAC5 = {
						CreatedOnToolsVersion = 14.2;
					};
				};
			};
			buildConfigurationList = 290E457B29A6A02D0041AAC5 /* Build configuration list for PBXProject "Avengers" */;
			compatibilityVersion = "Xcode 14.0";
			developmentRegion = en;
			hasScannedForEncodings = 0;
			knownRegions = (
				en,
				Base,
			);
			mainGroup = 290E457729A6A02D0041AAC5;
			productRefGroup = 290E458129A6A02D0041AAC5 /* Products */;
			projectDirPath = "";
			projectRoot = "";
			targets = (
				290E457F29A6A02D0041AAC5 /* Avengers */,
			);
		};
/* End PBXProject section */

/* Begin PBXResourcesBuildPhase section */
		290E457E29A6A02D0041AAC5 /* Resources */ = {
			isa = PBXResourcesBuildPhase;
			buildActionMask = 2147483647;
			files = (
				290E459029A6A02F0041AAC5 /* LaunchScreen.storyboard in Resources */,
				290E458D29A6A02F0041AAC5 /* Assets.xcassets in Resources */,
				290E458B29A6A02D0041AAC5 /* Main.storyboard in Resources */,
			);
			runOnlyForDeploymentPostprocessing = 0;
		};
/* End PBXResourcesBuildPhase section */

/* Begin PBXSourcesBuildPhase section */
		290E457C29A6A02D0041AAC5 /* Sources */ = {
			isa = PBXSourcesBuildPhase;
			buildActionMask = 2147483647;
			files = (
				290E459B29A6AB240041AAC5 /* Avenger.swift in Sources */,
				290E459D29A6BC940041AAC5 /* AvengerController.swift in Sources */,
				290E458829A6A02D0041AAC5 /* ViewController.swift in Sources */,
				290E458429A6A02D0041AAC5 /* AppDelegate.swift in Sources */,
				290E458629A6A02D0041AAC5 /* SceneDelegate.swift in Sources */,
				290E45A129A6BCD10041AAC5 /* Constants.swift in Sources */,
			);
			runOnlyForDeploymentPostprocessing = 0;
		};
/* End PBXSourcesBuildPhase section */

/* Begin PBXVariantGroup section */
		290E458929A6A02D0041AAC5 /* Main.storyboard */ = {
			isa = PBXVariantGroup;
			children = (
				290E458A29A6A02D0041AAC5 /* Base */,
			);
			name = Main.storyboard;
			sourceTree = "<group>";
		};
		290E458E29A6A02F0041AAC5 /* LaunchScreen.storyboard */ = {
			isa = PBXVariantGroup;
			children = (
				290E458F29A6A02F0041AAC5 /* Base */,
			);
			name = LaunchScreen.storyboard;
			sourceTree = "<group>";
		};
/* End PBXVariantGroup section */

/* Begin XCBuildConfiguration section */
		290E459229A6A02F0041AAC5 /* Debug */ = {
			isa = XCBuildConfiguration;
			buildSettings = {
				ALWAYS_SEARCH_USER_PATHS = NO;
				CLANG_ANALYZER_NONNULL = YES;
				CLANG_ANALYZER_NUMBER_OBJECT_CONVERSION = YES_AGGRESSIVE;
				CLANG_CXX_LANGUAGE_STANDARD = "gnu++20";
				CLANG_ENABLE_MODULES = YES;
				CLANG_ENABLE_OBJC_ARC = YES;
				CLANG_ENABLE_OBJC_WEAK = YES;
				CLANG_WARN_BLOCK_CAPTURE_AUTORELEASING = YES;
				CLANG_WARN_BOOL_CONVERSION = YES;
				CLANG_WARN_COMMA = YES;
				CLANG_WARN_CONSTANT_CONVERSION = YES;
				CLANG_WARN_DEPRECATED_OBJC_IMPLEMENTATIONS = YES;
				CLANG_WARN_DIRECT_OBJC_ISA_USAGE = YES_ERROR;
				CLANG_WARN_DOCUMENTATION_COMMENTS = YES;
				CLANG_WARN_EMPTY_BODY = YES;
				CLANG_WARN_ENUM_CONVERSION = YES;
				CLANG_WARN_INFINITE_RECURSION = YES;
				CLANG_WARN_INT_CONVERSION = YES;
				CLANG_WARN_NON_LITERAL_NULL_CONVERSION = YES;
				CLANG_WARN_OBJC_IMPLICIT_RETAIN_SELF = YES;
				CLANG_WARN_OBJC_LITERAL_CONVERSION = YES;
				CLANG_WARN_OBJC_ROOT_CLASS = YES_ERROR;
				CLANG_WARN_QUOTED_INCLUDE_IN_FRAMEWORK_HEADER = YES;
				CLANG_WARN_RANGE_LOOP_ANALYSIS = YES;
				CLANG_WARN_STRICT_PROTOTYPES = YES;
				CLANG_WARN_SUSPICIOUS_MOVE = YES;
				CLANG_WARN_UNGUARDED_AVAILABILITY = YES_AGGRESSIVE;
				CLANG_WARN_UNREACHABLE_CODE = YES;
				CLANG_WARN__DUPLICATE_METHOD_MATCH = YES;
				COPY_PHASE_STRIP = NO;
				DEBUG_INFORMATION_FORMAT = dwarf;
				ENABLE_STRICT_OBJC_MSGSEND = YES;
				ENABLE_TESTABILITY = YES;
				GCC_C_LANGUAGE_STANDARD = gnu11;
				GCC_DYNAMIC_NO_PIC = NO;
				GCC_NO_COMMON_BLOCKS = YES;
				GCC_OPTIMIZATION_LEVEL = 0;
				GCC_PREPROCESSOR_DEFINITIONS = (
					"DEBUG=1",
					"$(inherited)",
				);
				GCC_WARN_64_TO_32_BIT_CONVERSION = YES;
				GCC_WARN_ABOUT_RETURN_TYPE = YES_ERROR;
				GCC_WARN_UNDECLARED_SELECTOR = YES;
				GCC_WARN_UNINITIALIZED_AUTOS = YES_AGGRESSIVE;
				GCC_WARN_UNUSED_FUNCTION = YES;
				GCC_WARN_UNUSED_VARIABLE = YES;
				IPHONEOS_DEPLOYMENT_TARGET = 16.2;
				MTL_ENABLE_DEBUG_INFO = INCLUDE_SOURCE;
				MTL_FAST_MATH = YES;
				ONLY_ACTIVE_ARCH = YES;
				SDKROOT = iphoneos;
				SWIFT_ACTIVE_COMPILATION_CONDITIONS = DEBUG;
				SWIFT_OPTIMIZATION_LEVEL = "-Onone";
			};
			name = Debug;
		};
		290E459329A6A02F0041AAC5 /* Release */ = {
			isa = XCBuildConfiguration;
			buildSettings = {
				ALWAYS_SEARCH_USER_PATHS = NO;
				CLANG_ANALYZER_NONNULL = YES;
				CLANG_ANALYZER_NUMBER_OBJECT_CONVERSION = YES_AGGRESSIVE;
				CLANG_CXX_LANGUAGE_STANDARD = "gnu++20";
				CLANG_ENABLE_MODULES = YES;
				CLANG_ENABLE_OBJC_ARC = YES;
				CLANG_ENABLE_OBJC_WEAK = YES;
				CLANG_WARN_BLOCK_CAPTURE_AUTORELEASING = YES;
				CLANG_WARN_BOOL_CONVERSION = YES;
				CLANG_WARN_COMMA = YES;
				CLANG_WARN_CONSTANT_CONVERSION = YES;
				CLANG_WARN_DEPRECATED_OBJC_IMPLEMENTATIONS = YES;
				CLANG_WARN_DIRECT_OBJC_ISA_USAGE = YES_ERROR;
				CLANG_WARN_DOCUMENTATION_COMMENTS = YES;
				CLANG_WARN_EMPTY_BODY = YES;
				CLANG_WARN_ENUM_CONVERSION = YES;
				CLANG_WARN_INFINITE_RECURSION = YES;
				CLANG_WARN_INT_CONVERSION = YES;
				CLANG_WARN_NON_LITERAL_NULL_CONVERSION = YES;
				CLANG_WARN_OBJC_IMPLICIT_RETAIN_SELF = YES;
				CLANG_WARN_OBJC_LITERAL_CONVERSION = YES;
				CLANG_WARN_OBJC_ROOT_CLASS = YES_ERROR;
				CLANG_WARN_QUOTED_INCLUDE_IN_FRAMEWORK_HEADER = YES;
				CLANG_WARN_RANGE_LOOP_ANALYSIS = YES;
				CLANG_WARN_STRICT_PROTOTYPES = YES;
				CLANG_WARN_SUSPICIOUS_MOVE = YES;
				CLANG_WARN_UNGUARDED_AVAILABILITY = YES_AGGRESSIVE;
				CLANG_WARN_UNREACHABLE_CODE = YES;
				CLANG_WARN__DUPLICATE_METHOD_MATCH = YES;
				COPY_PHASE_STRIP = NO;
				DEBUG_INFORMATION_FORMAT = "dwarf-with-dsym";
				ENABLE_NS_ASSERTIONS = NO;
				ENABLE_STRICT_OBJC_MSGSEND = YES;
				GCC_C_LANGUAGE_STANDARD = gnu11;
				GCC_NO_COMMON_BLOCKS = YES;
				GCC_WARN_64_TO_32_BIT_CONVERSION = YES;
				GCC_WARN_ABOUT_RETURN_TYPE = YES_ERROR;
				GCC_WARN_UNDECLARED_SELECTOR = YES;
				GCC_WARN_UNINITIALIZED_AUTOS = YES_AGGRESSIVE;
				GCC_WARN_UNUSED_FUNCTION = YES;
				GCC_WARN_UNUSED_VARIABLE = YES;
				IPHONEOS_DEPLOYMENT_TARGET = 16.2;
				MTL_ENABLE_DEBUG_INFO = NO;
				MTL_FAST_MATH = YES;
				SDKROOT = iphoneos;
				SWIFT_COMPILATION_MODE = wholemodule;
				SWIFT_OPTIMIZATION_LEVEL = "-O";
				VALIDATE_PRODUCT = YES;
			};
			name = Release;
		};
		290E459529A6A02F0041AAC5 /* Debug */ = {
			isa = XCBuildConfiguration;
			buildSettings = {
				ASSETCATALOG_COMPILER_APPICON_NAME = AppIcon;
				ASSETCATALOG_COMPILER_GLOBAL_ACCENT_COLOR_NAME = AccentColor;
				CODE_SIGN_STYLE = Automatic;
				CURRENT_PROJECT_VERSION = 1;
				DEVELOPMENT_TEAM = W6HRJ6R6XG;
				GENERATE_INFOPLIST_FILE = YES;
				INFOPLIST_FILE = "Avengers/Supporting Files/Info.plist";
				INFOPLIST_KEY_UIApplicationSupportsIndirectInputEvents = YES;
				INFOPLIST_KEY_UILaunchStoryboardName = LaunchScreen;
				INFOPLIST_KEY_UIMainStoryboardFile = Main;
				INFOPLIST_KEY_UISupportedInterfaceOrientations_iPad = "UIInterfaceOrientationPortrait UIInterfaceOrientationPortraitUpsideDown UIInterfaceOrientationLandscapeLeft UIInterfaceOrientationLandscapeRight";
				INFOPLIST_KEY_UISupportedInterfaceOrientations_iPhone = "UIInterfaceOrientationPortrait UIInterfaceOrientationLandscapeLeft UIInterfaceOrientationLandscapeRight";
				LD_RUNPATH_SEARCH_PATHS = (
					"$(inherited)",
					"@executable_path/Frameworks",
				);
				MARKETING_VERSION = 1.0;
				PRODUCT_BUNDLE_IDENTIFIER = com.Studio314.Avengers;
				PRODUCT_NAME = "$(TARGET_NAME)";
				SWIFT_EMIT_LOC_STRINGS = YES;
				SWIFT_VERSION = 5.0;
				TARGETED_DEVICE_FAMILY = "1,2";
			};
			name = Debug;
		};
		290E459629A6A02F0041AAC5 /* Release */ = {
			isa = XCBuildConfiguration;
			buildSettings = {
				ASSETCATALOG_COMPILER_APPICON_NAME = AppIcon;
				ASSETCATALOG_COMPILER_GLOBAL_ACCENT_COLOR_NAME = AccentColor;
				CODE_SIGN_STYLE = Automatic;
				CURRENT_PROJECT_VERSION = 1;
				DEVELOPMENT_TEAM = W6HRJ6R6XG;
				GENERATE_INFOPLIST_FILE = YES;
				INFOPLIST_FILE = "Avengers/Supporting Files/Info.plist";
				INFOPLIST_KEY_UIApplicationSupportsIndirectInputEvents = YES;
				INFOPLIST_KEY_UILaunchStoryboardName = LaunchScreen;
				INFOPLIST_KEY_UIMainStoryboardFile = Main;
				INFOPLIST_KEY_UISupportedInterfaceOrientations_iPad = "UIInterfaceOrientationPortrait UIInterfaceOrientationPortraitUpsideDown UIInterfaceOrientationLandscapeLeft UIInterfaceOrientationLandscapeRight";
				INFOPLIST_KEY_UISupportedInterfaceOrientations_iPhone = "UIInterfaceOrientationPortrait UIInterfaceOrientationLandscapeLeft UIInterfaceOrientationLandscapeRight";
				LD_RUNPATH_SEARCH_PATHS = (
					"$(inherited)",
					"@executable_path/Frameworks",
				);
				MARKETING_VERSION = 1.0;
				PRODUCT_BUNDLE_IDENTIFIER = com.Studio314.Avengers;
				PRODUCT_NAME = "$(TARGET_NAME)";
				SWIFT_EMIT_LOC_STRINGS = YES;
				SWIFT_VERSION = 5.0;
				TARGETED_DEVICE_FAMILY = "1,2";
			};
			name = Release;
		};
/* End XCBuildConfiguration section */

/* Begin XCConfigurationList section */
		290E457B29A6A02D0041AAC5 /* Build configuration list for PBXProject "Avengers" */ = {
			isa = XCConfigurationList;
			buildConfigurations = (
				290E459229A6A02F0041AAC5 /* Debug */,
				290E459329A6A02F0041AAC5 /* Release */,
			);
			defaultConfigurationIsVisible = 0;
			defaultConfigurationName = Release;
		};
		290E459429A6A02F0041AAC5 /* Build configuration list for PBXNativeTarget "Avengers" */ = {
			isa = XCConfigurationList;
			buildConfigurations = (
				290E459529A6A02F0041AAC5 /* Debug */,
				290E459629A6A02F0041AAC5 /* Release */,
			);
			defaultConfigurationIsVisible = 0;
			defaultConfigurationName = Release;
		};
/* End XCConfigurationList section */
	};
	rootObject = 290E457829A6A02D0041AAC5 /* Project object */;
}
